
Microsoft Visual Studio Solution File, Format Version 12.00
# Visual Studio 15
VisualStudioVersion = 15.0.26730.16
MinimumVisualStudioVersion = 10.0.40219.1
Project("{9A19103F-16F7-4668-BE54-9A1E7A4F7556}") = "AspNetCoreIdenityServer4Example", "AspNetCoreIdenityServer4Example\AspNetCoreIdenityServer4Example.csproj", "{4321F331-A1AB-4495-AA92-96D91547386F}"
EndProject
Project("{FAE04EC0-301F-11D3-BF4B-00C04F79EFBC}") = "AspNetCoreIdenityServer4Example.Client", "AspNetCoreIdenityServer4Example.Client\AspNetCoreIdenityServer4Example.Client.csproj", "{A6BA0E40-6300-4AFE-972C-702A67B470DF}"
EndProject
Global
	GlobalSection(SolutionConfigurationPlatforms) = preSolution
		Debug|Any CPU = Debug|Any CPU
		Release|Any CPU = Release|Any CPU
	EndGlobalSection
	GlobalSection(ProjectConfigurationPlatforms) = postSolution
		{4321F331-A1AB-4495-AA92-96D91547386F}.Debug|Any CPU.ActiveCfg = Debug|Any CPU
		{4321F331-A1AB-4495-AA92-96D91547386F}.Debug|Any CPU.Build.0 = Debug|Any CPU
		{4321F331-A1AB-4495-AA92-96D91547386F}.Release|Any CPU.ActiveCfg = Release|Any CPU
		{4321F331-A1AB-4495-AA92-96D91547386F}.Release|Any CPU.Build.0 = Release|Any CPU
		{A6BA0E40-6300-4AFE-972C-702A67B470DF}.Debug|Any CPU.ActiveCfg = Debug|Any CPU
		{A6BA0E40-6300-4AFE-972C-702A67B470DF}.Debug|Any CPU.Build.0 = Debug|Any CPU
		{A6BA0E40-6300-4AFE-972C-702A67B470DF}.Release|Any CPU.ActiveCfg = Release|Any CPU
		{A6BA0E40-6300-4AFE-972C-702A67B470DF}.Release|Any CPU.Build.0 = Release|Any CPU
	EndGlobalSection
	GlobalSection(SolutionProperties) = preSolution
		HideSolutionNode = FALSE
	EndGlobalSection
	GlobalSection(ExtensibilityGlobals) = postSolution
		SolutionGuid = {840FA55C-9A8F-4787-BFDA-7968CCB67CC7}
	EndGlobalSection
EndGlobal
